// !$*UTF8*$!
{
	archiveVersion = 1;
	classes = {
	};
	objectVersion = 48;
	objects = {

/* Begin PBXBuildFile section */
		040BA70A2029F7BD00C4B69E /* ServiceViewController.swift in Sources */ = {isa = PBXBuildFile; fileRef = 040BA7092029F7BD00C4B69E /* ServiceViewController.swift */; };
		040BA710202DA65A00C4B69E /* NotificationViewController.swift in Sources */ = {isa = PBXBuildFile; fileRef = 040BA70F202DA65A00C4B69E /* NotificationViewController.swift */; };
		04141EA720274C1900B3266B /* LawyerListViewController.swift in Sources */ = {isa = PBXBuildFile; fileRef = 04141EA620274C1900B3266B /* LawyerListViewController.swift */; };
		0419F6252023B15000637FE9 /* RoundedButton.swift in Sources */ = {isa = PBXBuildFile; fileRef = 0419F6242023B15000637FE9 /* RoundedButton.swift */; };
		044088502027369900A33AC8 /* CustomTableView.swift in Sources */ = {isa = PBXBuildFile; fileRef = 0440884F2027369900A33AC8 /* CustomTableView.swift */; };
		0456A3CF203052FF00323026 /* ListIssueTableViewCell.swift in Sources */ = {isa = PBXBuildFile; fileRef = 0456A3CE203052FF00323026 /* ListIssueTableViewCell.swift */; };
		0456A3D1203053EA00323026 /* ListIssuesViewController.swift in Sources */ = {isa = PBXBuildFile; fileRef = 0456A3D0203053EA00323026 /* ListIssuesViewController.swift */; };
		045A778E2029C6190074F0F9 /* InfoTableViewCell.swift in Sources */ = {isa = PBXBuildFile; fileRef = 045A778D2029C6190074F0F9 /* InfoTableViewCell.swift */; };
		A251A0057CFBDE3130502092 /* Pods_YourLawyer.framework in Frameworks */ = {isa = PBXBuildFile; fileRef = B8911963875F60E30F3265A4 /* Pods_YourLawyer.framework */; };
		CC13CED6201E581000CBFA83 /* AppDelegate.swift in Sources */ = {isa = PBXBuildFile; fileRef = CC13CED5201E581000CBFA83 /* AppDelegate.swift */; };
		CC13CED8201E581000CBFA83 /* ViewController.swift in Sources */ = {isa = PBXBuildFile; fileRef = CC13CED7201E581000CBFA83 /* ViewController.swift */; };
		CC13CEDB201E581000CBFA83 /* Main.storyboard in Resources */ = {isa = PBXBuildFile; fileRef = CC13CED9201E581000CBFA83 /* Main.storyboard */; };
		CC13CEDD201E581000CBFA83 /* Assets.xcassets in Resources */ = {isa = PBXBuildFile; fileRef = CC13CEDC201E581000CBFA83 /* Assets.xcassets */; };
		CC13CEE0201E581000CBFA83 /* LaunchScreen.storyboard in Resources */ = {isa = PBXBuildFile; fileRef = CC13CEDE201E581000CBFA83 /* LaunchScreen.storyboard */; };
		CC48925720321A5C00F8A2F2 /* GoogleService-Info.plist in Resources */ = {isa = PBXBuildFile; fileRef = CC48925620321A5B00F8A2F2 /* GoogleService-Info.plist */; };
		CC48925B2033305000F8A2F2 /* RegisterClientViewController.swift in Sources */ = {isa = PBXBuildFile; fileRef = CC48925A2033305000F8A2F2 /* RegisterClientViewController.swift */; };
		CC592E0F2020F74D007B9082 /* DesignableTextField.swift in Sources */ = {isa = PBXBuildFile; fileRef = CC592E0E2020F74D007B9082 /* DesignableTextField.swift */; };
		CC86E18D2028DEC600B20910 /* IssueViewController.swift in Sources */ = {isa = PBXBuildFile; fileRef = CC86E18C2028DEC600B20910 /* IssueViewController.swift */; };
		CC86E18F202B393600B20910 /* LawyersVC.swift in Sources */ = {isa = PBXBuildFile; fileRef = CC86E18E202B393600B20910 /* LawyersVC.swift */; };
		CC86E191202B6B9B00B20910 /* DisplayDomainsTableViewCell.swift in Sources */ = {isa = PBXBuildFile; fileRef = CC86E190202B6B9B00B20910 /* DisplayDomainsTableViewCell.swift */; };
		CC86E193202B6C8B00B20910 /* DomainsVCViewController.swift in Sources */ = {isa = PBXBuildFile; fileRef = CC86E192202B6C8B00B20910 /* DomainsVCViewController.swift */; };
		CCA1BB8620335D1300A1D1B8 /* ListDomainsViewController.swift in Sources */ = {isa = PBXBuildFile; fileRef = CCA1BB8520335D1300A1D1B8 /* ListDomainsViewController.swift */; };
		CCA1BB8820335D8200A1D1B8 /* ChooseIssueTableViewCell.swift in Sources */ = {isa = PBXBuildFile; fileRef = CCA1BB8720335D8100A1D1B8 /* ChooseIssueTableViewCell.swift */; };
		CCA1BB8A20335DED00A1D1B8 /* ChooseIssueViewController.swift in Sources */ = {isa = PBXBuildFile; fileRef = CCA1BB8920335DED00A1D1B8 /* ChooseIssueViewController.swift */; };
		CCA1BB8C20335E6400A1D1B8 /* DomainsTableViewCell.swift in Sources */ = {isa = PBXBuildFile; fileRef = CCA1BB8B20335E6400A1D1B8 /* DomainsTableViewCell.swift */; };
		CCA1BB8E2033610E00A1D1B8 /* ResetPasswordViewController.swift in Sources */ = {isa = PBXBuildFile; fileRef = CCA1BB8D2033610E00A1D1B8 /* ResetPasswordViewController.swift */; };
		CCC25858202C744700641CB5 /* ProfileVC.swift in Sources */ = {isa = PBXBuildFile; fileRef = CCC25857202C744700641CB5 /* ProfileVC.swift */; };
		CCC2585A202C7AA000641CB5 /* ProfileDataTableViewCell.swift in Sources */ = {isa = PBXBuildFile; fileRef = CCC25859202C7AA000641CB5 /* ProfileDataTableViewCell.swift */; };
		CCC2585C202E1C8D00641CB5 /* CellNTableViewCell.swift in Sources */ = {isa = PBXBuildFile; fileRef = CCC2585B202E1C8D00641CB5 /* CellNTableViewCell.swift */; };
		CCF35D2E203051E600FC2856 /* RegisterLawyerViewController.swift in Sources */ = {isa = PBXBuildFile; fileRef = CCF35D2D203051E600FC2856 /* RegisterLawyerViewController.swift */; };
/* End PBXBuildFile section */

/* Begin PBXFileReference section */
		040BA7092029F7BD00C4B69E /* ServiceViewController.swift */ = {isa = PBXFileReference; lastKnownFileType = sourcecode.swift; path = ServiceViewController.swift; sourceTree = "<group>"; };
		040BA70F202DA65A00C4B69E /* NotificationViewController.swift */ = {isa = PBXFileReference; lastKnownFileType = sourcecode.swift; path = NotificationViewController.swift; sourceTree = "<group>"; };
		04141EA620274C1900B3266B /* LawyerListViewController.swift */ = {isa = PBXFileReference; lastKnownFileType = sourcecode.swift; path = LawyerListViewController.swift; sourceTree = "<group>"; };
		0419F6242023B15000637FE9 /* RoundedButton.swift */ = {isa = PBXFileReference; lastKnownFileType = sourcecode.swift; path = RoundedButton.swift; sourceTree = "<group>"; };
		0440884F2027369900A33AC8 /* CustomTableView.swift */ = {isa = PBXFileReference; lastKnownFileType = sourcecode.swift; path = CustomTableView.swift; sourceTree = "<group>"; };
		0456A3CE203052FF00323026 /* ListIssueTableViewCell.swift */ = {isa = PBXFileReference; lastKnownFileType = sourcecode.swift; path = ListIssueTableViewCell.swift; sourceTree = "<group>"; };
		0456A3D0203053EA00323026 /* ListIssuesViewController.swift */ = {isa = PBXFileReference; lastKnownFileType = sourcecode.swift; path = ListIssuesViewController.swift; sourceTree = "<group>"; };
		045A778D2029C6190074F0F9 /* InfoTableViewCell.swift */ = {isa = PBXFileReference; lastKnownFileType = sourcecode.swift; path = InfoTableViewCell.swift; sourceTree = "<group>"; };
		4429F85A8E80132FBC4E13AC /* Pods-YourLawyer.debug.xcconfig */ = {isa = PBXFileReference; includeInIndex = 1; lastKnownFileType = text.xcconfig; name = "Pods-YourLawyer.debug.xcconfig"; path = "Pods/Target Support Files/Pods-YourLawyer/Pods-YourLawyer.debug.xcconfig"; sourceTree = "<group>"; };
		5A90D45D355DA3FBAAC436FF /* Pods-YourLawyer.release.xcconfig */ = {isa = PBXFileReference; includeInIndex = 1; lastKnownFileType = text.xcconfig; name = "Pods-YourLawyer.release.xcconfig"; path = "Pods/Target Support Files/Pods-YourLawyer/Pods-YourLawyer.release.xcconfig"; sourceTree = "<group>"; };
		99776010203203750068CA8E /* GoogleService-Info.plist */ = {isa = PBXFileReference; lastKnownFileType = text.plist.xml; name = "GoogleService-Info.plist"; path = "../GoogleService-Info.plist"; sourceTree = "<group>"; };
		B8911963875F60E30F3265A4 /* Pods_YourLawyer.framework */ = {isa = PBXFileReference; explicitFileType = wrapper.framework; includeInIndex = 0; path = Pods_YourLawyer.framework; sourceTree = BUILT_PRODUCTS_DIR; };
		CC13CED2201E581000CBFA83 /* YourLawyer.app */ = {isa = PBXFileReference; explicitFileType = wrapper.application; includeInIndex = 0; path = YourLawyer.app; sourceTree = BUILT_PRODUCTS_DIR; };
		CC13CED5201E581000CBFA83 /* AppDelegate.swift */ = {isa = PBXFileReference; lastKnownFileType = sourcecode.swift; path = AppDelegate.swift; sourceTree = "<group>"; };
		CC13CED7201E581000CBFA83 /* ViewController.swift */ = {isa = PBXFileReference; lastKnownFileType = sourcecode.swift; path = ViewController.swift; sourceTree = "<group>"; };
		CC13CEDA201E581000CBFA83 /* Base */ = {isa = PBXFileReference; lastKnownFileType = file.storyboard; name = Base; path = Base.lproj/Main.storyboard; sourceTree = "<group>"; };
		CC13CEDC201E581000CBFA83 /* Assets.xcassets */ = {isa = PBXFileReference; lastKnownFileType = folder.assetcatalog; path = Assets.xcassets; sourceTree = "<group>"; };
		CC13CEDF201E581000CBFA83 /* Base */ = {isa = PBXFileReference; lastKnownFileType = file.storyboard; name = Base; path = Base.lproj/LaunchScreen.storyboard; sourceTree = "<group>"; };
		CC13CEE1201E581000CBFA83 /* Info.plist */ = {isa = PBXFileReference; lastKnownFileType = text.plist.xml; path = Info.plist; sourceTree = "<group>"; };
		CC48925620321A5B00F8A2F2 /* GoogleService-Info.plist */ = {isa = PBXFileReference; fileEncoding = 4; lastKnownFileType = text.plist.xml; name = "GoogleService-Info.plist"; path = "../../GoogleService-Info.plist"; sourceTree = "<group>"; };
		CC48925A2033305000F8A2F2 /* RegisterClientViewController.swift */ = {isa = PBXFileReference; lastKnownFileType = sourcecode.swift; path = RegisterClientViewController.swift; sourceTree = "<group>"; };
		CC592E0E2020F74D007B9082 /* DesignableTextField.swift */ = {isa = PBXFileReference; lastKnownFileType = sourcecode.swift; path = DesignableTextField.swift; sourceTree = "<group>"; };
		CC86E18C2028DEC600B20910 /* IssueViewController.swift */ = {isa = PBXFileReference; lastKnownFileType = sourcecode.swift; path = IssueViewController.swift; sourceTree = "<group>"; };
		CC86E18E202B393600B20910 /* LawyersVC.swift */ = {isa = PBXFileReference; lastKnownFileType = sourcecode.swift; path = LawyersVC.swift; sourceTree = "<group>"; };
		CC86E190202B6B9B00B20910 /* DisplayDomainsTableViewCell.swift */ = {isa = PBXFileReference; lastKnownFileType = sourcecode.swift; path = DisplayDomainsTableViewCell.swift; sourceTree = "<group>"; };
		CC86E192202B6C8B00B20910 /* DomainsVCViewController.swift */ = {isa = PBXFileReference; lastKnownFileType = sourcecode.swift; path = DomainsVCViewController.swift; sourceTree = "<group>"; };
		CCA1BB8520335D1300A1D1B8 /* ListDomainsViewController.swift */ = {isa = PBXFileReference; fileEncoding = 4; lastKnownFileType = sourcecode.swift; path = ListDomainsViewController.swift; sourceTree = "<group>"; };
		CCA1BB8720335D8100A1D1B8 /* ChooseIssueTableViewCell.swift */ = {isa = PBXFileReference; fileEncoding = 4; lastKnownFileType = sourcecode.swift; path = ChooseIssueTableViewCell.swift; sourceTree = "<group>"; };
		CCA1BB8920335DED00A1D1B8 /* ChooseIssueViewController.swift */ = {isa = PBXFileReference; fileEncoding = 4; lastKnownFileType = sourcecode.swift; path = ChooseIssueViewController.swift; sourceTree = "<group>"; };
		CCA1BB8B20335E6400A1D1B8 /* DomainsTableViewCell.swift */ = {isa = PBXFileReference; fileEncoding = 4; lastKnownFileType = sourcecode.swift; path = DomainsTableViewCell.swift; sourceTree = "<group>"; };
		CCA1BB8D2033610E00A1D1B8 /* ResetPasswordViewController.swift */ = {isa = PBXFileReference; lastKnownFileType = sourcecode.swift; path = ResetPasswordViewController.swift; sourceTree = "<group>"; };
		CCC25857202C744700641CB5 /* ProfileVC.swift */ = {isa = PBXFileReference; lastKnownFileType = sourcecode.swift; path = ProfileVC.swift; sourceTree = "<group>"; };
		CCC25859202C7AA000641CB5 /* ProfileDataTableViewCell.swift */ = {isa = PBXFileReference; lastKnownFileType = sourcecode.swift; path = ProfileDataTableViewCell.swift; sourceTree = "<group>"; };
		CCC2585B202E1C8D00641CB5 /* CellNTableViewCell.swift */ = {isa = PBXFileReference; lastKnownFileType = sourcecode.swift; path = CellNTableViewCell.swift; sourceTree = "<group>"; };
		CCF35D2D203051E600FC2856 /* RegisterLawyerViewController.swift */ = {isa = PBXFileReference; lastKnownFileType = sourcecode.swift; path = RegisterLawyerViewController.swift; sourceTree = "<group>"; };
/* End PBXFileReference section */

/* Begin PBXFrameworksBuildPhase section */
		CC13CECF201E581000CBFA83 /* Frameworks */ = {
			isa = PBXFrameworksBuildPhase;
			buildActionMask = 2147483647;
			files = (
				A251A0057CFBDE3130502092 /* Pods_YourLawyer.framework in Frameworks */,
			);
			runOnlyForDeploymentPostprocessing = 0;
		};
/* End PBXFrameworksBuildPhase section */

/* Begin PBXGroup section */
		0473E73D20248335003C658A /* Recovered References */ = {
			isa = PBXGroup;
			children = (
				99776010203203750068CA8E /* GoogleService-Info.plist */,
			);
			name = "Recovered References";
			sourceTree = "<group>";
		};
		4D691F3908161DC34FE49DF8 /* Pods */ = {
			isa = PBXGroup;
			children = (
				4429F85A8E80132FBC4E13AC /* Pods-YourLawyer.debug.xcconfig */,
				5A90D45D355DA3FBAAC436FF /* Pods-YourLawyer.release.xcconfig */,
			);
			name = Pods;
			sourceTree = "<group>";
		};
		BE692B4FC94BBAE48FA33B7D /* Frameworks */ = {
			isa = PBXGroup;
			children = (
				B8911963875F60E30F3265A4 /* Pods_YourLawyer.framework */,
			);
			name = Frameworks;
			sourceTree = "<group>";
		};
		CC13CEC9201E581000CBFA83 = {
			isa = PBXGroup;
			children = (
				CC13CED4201E581000CBFA83 /* YourLawyer */,
				CC13CED3201E581000CBFA83 /* Products */,
				0473E73D20248335003C658A /* Recovered References */,
				4D691F3908161DC34FE49DF8 /* Pods */,
				BE692B4FC94BBAE48FA33B7D /* Frameworks */,
			);
			sourceTree = "<group>";
		};
		CC13CED3201E581000CBFA83 /* Products */ = {
			isa = PBXGroup;
			children = (
				CC13CED2201E581000CBFA83 /* YourLawyer.app */,
			);
			name = Products;
			sourceTree = "<group>";
		};
		CC13CED4201E581000CBFA83 /* YourLawyer */ = {
			isa = PBXGroup;
			children = (
				CC48925620321A5B00F8A2F2 /* GoogleService-Info.plist */,
				CC13CED5201E581000CBFA83 /* AppDelegate.swift */,
				CC13CED7201E581000CBFA83 /* ViewController.swift */,
				04141EA620274C1900B3266B /* LawyerListViewController.swift */,
				040BA70F202DA65A00C4B69E /* NotificationViewController.swift */,
				CC86E18C2028DEC600B20910 /* IssueViewController.swift */,
				CC13CED9201E581000CBFA83 /* Main.storyboard */,
				0456A3D0203053EA00323026 /* ListIssuesViewController.swift */,
				0456A3CE203052FF00323026 /* ListIssueTableViewCell.swift */,
				CC13CEDC201E581000CBFA83 /* Assets.xcassets */,
				040BA7092029F7BD00C4B69E /* ServiceViewController.swift */,
				CC13CEDE201E581000CBFA83 /* LaunchScreen.storyboard */,
				CCA1BB8520335D1300A1D1B8 /* ListDomainsViewController.swift */,
				CCA1BB8720335D8100A1D1B8 /* ChooseIssueTableViewCell.swift */,
				CC13CEE1201E581000CBFA83 /* Info.plist */,
				CCA1BB8B20335E6400A1D1B8 /* DomainsTableViewCell.swift */,
				CC592E0E2020F74D007B9082 /* DesignableTextField.swift */,
				CCA1BB8920335DED00A1D1B8 /* ChooseIssueViewController.swift */,
				0419F6242023B15000637FE9 /* RoundedButton.swift */,
				0440884F2027369900A33AC8 /* CustomTableView.swift */,
				045A778D2029C6190074F0F9 /* InfoTableViewCell.swift */,
				CC86E18E202B393600B20910 /* LawyersVC.swift */,
				CC86E190202B6B9B00B20910 /* DisplayDomainsTableViewCell.swift */,
				CC86E192202B6C8B00B20910 /* DomainsVCViewController.swift */,
				CCC25857202C744700641CB5 /* ProfileVC.swift */,
				CCC25859202C7AA000641CB5 /* ProfileDataTableViewCell.swift */,
				CCC2585B202E1C8D00641CB5 /* CellNTableViewCell.swift */,
				CCF35D2D203051E600FC2856 /* RegisterLawyerViewController.swift */,
				CC48925A2033305000F8A2F2 /* RegisterClientViewController.swift */,
				CCA1BB8D2033610E00A1D1B8 /* ResetPasswordViewController.swift */,
			);
			path = YourLawyer;
			sourceTree = "<group>";
		};
/* End PBXGroup section */

/* Begin PBXNativeTarget section */
		CC13CED1201E581000CBFA83 /* YourLawyer */ = {
			isa = PBXNativeTarget;
			buildConfigurationList = CC13CEE4201E581000CBFA83 /* Build configuration list for PBXNativeTarget "YourLawyer" */;
			buildPhases = (
				63695126A70A2ADD05B896D9 /* [CP] Check Pods Manifest.lock */,
				CC13CECE201E581000CBFA83 /* Sources */,
				CC13CECF201E581000CBFA83 /* Frameworks */,
				CC13CED0201E581000CBFA83 /* Resources */,
				9F83A15A3AD2F87ACA8BDEAE /* [CP] Embed Pods Frameworks */,
				D445B4E953D61420AA9580E6 /* [CP] Copy Pods Resources */,
			);
			buildRules = (
			);
			dependencies = (
			);
			name = YourLawyer;
			productName = YourLawyer;
			productReference = CC13CED2201E581000CBFA83 /* YourLawyer.app */;
			productType = "com.apple.product-type.application";
		};
/* End PBXNativeTarget section */

/* Begin PBXProject section */
		CC13CECA201E581000CBFA83 /* Project object */ = {
			isa = PBXProject;
			attributes = {
				LastSwiftUpdateCheck = 0920;
				LastUpgradeCheck = 0920;
				ORGANIZATIONNAME = "mac pro retina";
				TargetAttributes = {
					CC13CED1201E581000CBFA83 = {
						CreatedOnToolsVersion = 9.2;
						ProvisioningStyle = Automatic;
					};
				};
			};
			buildConfigurationList = CC13CECD201E581000CBFA83 /* Build configuration list for PBXProject "YourLawyer" */;
			compatibilityVersion = "Xcode 8.0";
			developmentRegion = en;
			hasScannedForEncodings = 0;
			knownRegions = (
				en,
				Base,
			);
			mainGroup = CC13CEC9201E581000CBFA83;
			productRefGroup = CC13CED3201E581000CBFA83 /* Products */;
			projectDirPath = "";
			projectRoot = "";
			targets = (
				CC13CED1201E581000CBFA83 /* YourLawyer */,
			);
		};
/* End PBXProject section */

/* Begin PBXResourcesBuildPhase section */
		CC13CED0201E581000CBFA83 /* Resources */ = {
			isa = PBXResourcesBuildPhase;
			buildActionMask = 2147483647;
			files = (
				CC13CEE0201E581000CBFA83 /* LaunchScreen.storyboard in Resources */,
				CC48925720321A5C00F8A2F2 /* GoogleService-Info.plist in Resources */,
				CC13CEDD201E581000CBFA83 /* Assets.xcassets in Resources */,
				CC13CEDB201E581000CBFA83 /* Main.storyboard in Resources */,
			);
			runOnlyForDeploymentPostprocessing = 0;
		};
/* End PBXResourcesBuildPhase section */

/* Begin PBXShellScriptBuildPhase section */
		63695126A70A2ADD05B896D9 /* [CP] Check Pods Manifest.lock */ = {
			isa = PBXShellScriptBuildPhase;
			buildActionMask = 2147483647;
			files = (
			);
			inputPaths = (
				"${PODS_PODFILE_DIR_PATH}/Podfile.lock",
				"${PODS_ROOT}/Manifest.lock",
			);
			name = "[CP] Check Pods Manifest.lock";
			outputPaths = (
				"$(DERIVED_FILE_DIR)/Pods-YourLawyer-checkManifestLockResult.txt",
			);
			runOnlyForDeploymentPostprocessing = 0;
			shellPath = /bin/sh;
			shellScript = "diff \"${PODS_PODFILE_DIR_PATH}/Podfile.lock\" \"${PODS_ROOT}/Manifest.lock\" > /dev/null\nif [ $? != 0 ] ; then\n    # print error to STDERR\n    echo \"error: The sandbox is not in sync with the Podfile.lock. Run 'pod install' or update your CocoaPods installation.\" >&2\n    exit 1\nfi\n# This output is used by Xcode 'outputs' to avoid re-running this script phase.\necho \"SUCCESS\" > \"${SCRIPT_OUTPUT_FILE_0}\"\n";
			showEnvVarsInLog = 0;
		};
		9F83A15A3AD2F87ACA8BDEAE /* [CP] Embed Pods Frameworks */ = {
			isa = PBXShellScriptBuildPhase;
			buildActionMask = 2147483647;
			files = (
			);
			inputPaths = (
				"${SRCROOT}/Pods/Target Support Files/Pods-YourLawyer/Pods-YourLawyer-frameworks.sh",
				"${BUILT_PRODUCTS_DIR}/GTMSessionFetcher/GTMSessionFetcher.framework",
				"${BUILT_PRODUCTS_DIR}/GoogleToolboxForMac/GoogleToolboxForMac.framework",
				"${BUILT_PRODUCTS_DIR}/leveldb-library/leveldb.framework",
				"${BUILT_PRODUCTS_DIR}/nanopb/nanopb.framework",
			);
			name = "[CP] Embed Pods Frameworks";
			outputPaths = (
				"${TARGET_BUILD_DIR}/${FRAMEWORKS_FOLDER_PATH}/GTMSessionFetcher.framework",
				"${TARGET_BUILD_DIR}/${FRAMEWORKS_FOLDER_PATH}/GoogleToolboxForMac.framework",
				"${TARGET_BUILD_DIR}/${FRAMEWORKS_FOLDER_PATH}/leveldb.framework",
				"${TARGET_BUILD_DIR}/${FRAMEWORKS_FOLDER_PATH}/nanopb.framework",
			);
			runOnlyForDeploymentPostprocessing = 0;
			shellPath = /bin/sh;
			shellScript = "\"${SRCROOT}/Pods/Target Support Files/Pods-YourLawyer/Pods-YourLawyer-frameworks.sh\"\n";
			showEnvVarsInLog = 0;
		};
		D445B4E953D61420AA9580E6 /* [CP] Copy Pods Resources */ = {
			isa = PBXShellScriptBuildPhase;
			buildActionMask = 2147483647;
			files = (
			);
			inputPaths = (
			);
			name = "[CP] Copy Pods Resources";
			outputPaths = (
			);
			runOnlyForDeploymentPostprocessing = 0;
			shellPath = /bin/sh;
			shellScript = "\"${SRCROOT}/Pods/Target Support Files/Pods-YourLawyer/Pods-YourLawyer-resources.sh\"\n";
			showEnvVarsInLog = 0;
		};
/* End PBXShellScriptBuildPhase section */

/* Begin PBXSourcesBuildPhase section */
		CC13CECE201E581000CBFA83 /* Sources */ = {
			isa = PBXSourcesBuildPhase;
			buildActionMask = 2147483647;
			files = (
				CC86E191202B6B9B00B20910 /* DisplayDomainsTableViewCell.swift in Sources */,
				CCC2585A202C7AA000641CB5 /* ProfileDataTableViewCell.swift in Sources */,
				CC13CED8201E581000CBFA83 /* ViewController.swift in Sources */,
				CCA1BB8C20335E6400A1D1B8 /* DomainsTableViewCell.swift in Sources */,
				045A778E2029C6190074F0F9 /* InfoTableViewCell.swift in Sources */,
				CCA1BB8620335D1300A1D1B8 /* ListDomainsViewController.swift in Sources */,
				CC48925B2033305000F8A2F2 /* RegisterClientViewController.swift in Sources */,
				CCA1BB8E2033610E00A1D1B8 /* ResetPasswordViewController.swift in Sources */,
				CCA1BB8A20335DED00A1D1B8 /* ChooseIssueViewController.swift in Sources */,
				CCC2585C202E1C8D00641CB5 /* CellNTableViewCell.swift in Sources */,
				CC592E0F2020F74D007B9082 /* DesignableTextField.swift in Sources */,
				040BA710202DA65A00C4B69E /* NotificationViewController.swift in Sources */,
				044088502027369900A33AC8 /* CustomTableView.swift in Sources */,
				04141EA720274C1900B3266B /* LawyerListViewController.swift in Sources */,
				0456A3CF203052FF00323026 /* ListIssueTableViewCell.swift in Sources */,
				CC86E18D2028DEC600B20910 /* IssueViewController.swift in Sources */,
				CC86E18F202B393600B20910 /* LawyersVC.swift in Sources */,
				CCC25858202C744700641CB5 /* ProfileVC.swift in Sources */,
				CC13CED6201E581000CBFA83 /* AppDelegate.swift in Sources */,
				CCF35D2E203051E600FC2856 /* RegisterLawyerViewController.swift in Sources */,
				0419F6252023B15000637FE9 /* RoundedButton.swift in Sources */,
				CC86E193202B6C8B00B20910 /* DomainsVCViewController.swift in Sources */,
				0456A3D1203053EA00323026 /* ListIssuesViewController.swift in Sources */,
				CCA1BB8820335D8200A1D1B8 /* ChooseIssueTableViewCell.swift in Sources */,
				040BA70A2029F7BD00C4B69E /* ServiceViewController.swift in Sources */,
			);
			runOnlyForDeploymentPostprocessing = 0;
		};
/* End PBXSourcesBuildPhase section */

/* Begin PBXVariantGroup section */
		CC13CED9201E581000CBFA83 /* Main.storyboard */ = {
			isa = PBXVariantGroup;
			children = (
				CC13CEDA201E581000CBFA83 /* Base */,
			);
			name = Main.storyboard;
			sourceTree = "<group>";
		};
		CC13CEDE201E581000CBFA83 /* LaunchScreen.storyboard */ = {
			isa = PBXVariantGroup;
			children = (
				CC13CEDF201E581000CBFA83 /* Base */,
			);
			name = LaunchScreen.storyboard;
			sourceTree = "<group>";
		};
/* End PBXVariantGroup section */

/* Begin XCBuildConfiguration section */
		CC13CEE2201E581000CBFA83 /* Debug */ = {
			isa = XCBuildConfiguration;
			buildSettings = {
				ALWAYS_SEARCH_USER_PATHS = NO;
				CLANG_ANALYZER_NONNULL = YES;
				CLANG_ANALYZER_NUMBER_OBJECT_CONVERSION = YES_AGGRESSIVE;
				CLANG_CXX_LANGUAGE_STANDARD = "gnu++14";
				CLANG_CXX_LIBRARY = "libc++";
				CLANG_ENABLE_MODULES = YES;
				CLANG_ENABLE_OBJC_ARC = YES;
				CLANG_WARN_BLOCK_CAPTURE_AUTORELEASING = YES;
				CLANG_WARN_BOOL_CONVERSION = YES;
				CLANG_WARN_COMMA = YES;
				CLANG_WARN_CONSTANT_CONVERSION = YES;
				CLANG_WARN_DIRECT_OBJC_ISA_USAGE = YES_ERROR;
				CLANG_WARN_DOCUMENTATION_COMMENTS = YES;
				CLANG_WARN_EMPTY_BODY = YES;
				CLANG_WARN_ENUM_CONVERSION = YES;
				CLANG_WARN_INFINITE_RECURSION = YES;
				CLANG_WARN_INT_CONVERSION = YES;
				CLANG_WARN_NON_LITERAL_NULL_CONVERSION = YES;
				CLANG_WARN_OBJC_LITERAL_CONVERSION = YES;
				CLANG_WARN_OBJC_ROOT_CLASS = YES_ERROR;
				CLANG_WARN_RANGE_LOOP_ANALYSIS = YES;
				CLANG_WARN_STRICT_PROTOTYPES = YES;
				CLANG_WARN_SUSPICIOUS_MOVE = YES;
				CLANG_WARN_UNGUARDED_AVAILABILITY = YES_AGGRESSIVE;
				CLANG_WARN_UNREACHABLE_CODE = YES;
				CLANG_WARN__DUPLICATE_METHOD_MATCH = YES;
				CODE_SIGN_IDENTITY = "iPhone Developer";
				COPY_PHASE_STRIP = NO;
				DEBUG_INFORMATION_FORMAT = dwarf;
				ENABLE_STRICT_OBJC_MSGSEND = YES;
				ENABLE_TESTABILITY = YES;
				GCC_C_LANGUAGE_STANDARD = gnu11;
				GCC_DYNAMIC_NO_PIC = NO;
				GCC_NO_COMMON_BLOCKS = YES;
				GCC_OPTIMIZATION_LEVEL = 0;
				GCC_PREPROCESSOR_DEFINITIONS = (
					"DEBUG=1",
					"$(inherited)",
				);
				GCC_WARN_64_TO_32_BIT_CONVERSION = YES;
				GCC_WARN_ABOUT_RETURN_TYPE = YES_ERROR;
				GCC_WARN_UNDECLARED_SELECTOR = YES;
				GCC_WARN_UNINITIALIZED_AUTOS = YES_AGGRESSIVE;
				GCC_WARN_UNUSED_FUNCTION = YES;
				GCC_WARN_UNUSED_VARIABLE = YES;
				IPHONEOS_DEPLOYMENT_TARGET = 11.2;
				MTL_ENABLE_DEBUG_INFO = YES;
				ONLY_ACTIVE_ARCH = YES;
				SDKROOT = iphoneos;
				SWIFT_ACTIVE_COMPILATION_CONDITIONS = DEBUG;
				SWIFT_OPTIMIZATION_LEVEL = "-Onone";
			};
			name = Debug;
		};
		CC13CEE3201E581000CBFA83 /* Release */ = {
			isa = XCBuildConfiguration;
			buildSettings = {
				ALWAYS_SEARCH_USER_PATHS = NO;
				CLANG_ANALYZER_NONNULL = YES;
				CLANG_ANALYZER_NUMBER_OBJECT_CONVERSION = YES_AGGRESSIVE;
				CLANG_CXX_LANGUAGE_STANDARD = "gnu++14";
				CLANG_CXX_LIBRARY = "libc++";
				CLANG_ENABLE_MODULES = YES;
				CLANG_ENABLE_OBJC_ARC = YES;
				CLANG_WARN_BLOCK_CAPTURE_AUTORELEASING = YES;
				CLANG_WARN_BOOL_CONVERSION = YES;
				CLANG_WARN_COMMA = YES;
				CLANG_WARN_CONSTANT_CONVERSION = YES;
				CLANG_WARN_DIRECT_OBJC_ISA_USAGE = YES_ERROR;
				CLANG_WARN_DOCUMENTATION_COMMENTS = YES;
				CLANG_WARN_EMPTY_BODY = YES;
				CLANG_WARN_ENUM_CONVERSION = YES;
				CLANG_WARN_INFINITE_RECURSION = YES;
				CLANG_WARN_INT_CONVERSION = YES;
				CLANG_WARN_NON_LITERAL_NULL_CONVERSION = YES;
				CLANG_WARN_OBJC_LITERAL_CONVERSION = YES;
				CLANG_WARN_OBJC_ROOT_CLASS = YES_ERROR;
				CLANG_WARN_RANGE_LOOP_ANALYSIS = YES;
				CLANG_WARN_STRICT_PROTOTYPES = YES;
				CLANG_WARN_SUSPICIOUS_MOVE = YES;
				CLANG_WARN_UNGUARDED_AVAILABILITY = YES_AGGRESSIVE;
				CLANG_WARN_UNREACHABLE_CODE = YES;
				CLANG_WARN__DUPLICATE_METHOD_MATCH = YES;
				CODE_SIGN_IDENTITY = "iPhone Developer";
				COPY_PHASE_STRIP = NO;
				DEBUG_INFORMATION_FORMAT = "dwarf-with-dsym";
				ENABLE_NS_ASSERTIONS = NO;
				ENABLE_STRICT_OBJC_MSGSEND = YES;
				GCC_C_LANGUAGE_STANDARD = gnu11;
				GCC_NO_COMMON_BLOCKS = YES;
				GCC_WARN_64_TO_32_BIT_CONVERSION = YES;
				GCC_WARN_ABOUT_RETURN_TYPE = YES_ERROR;
				GCC_WARN_UNDECLARED_SELECTOR = YES;
				GCC_WARN_UNINITIALIZED_AUTOS = YES_AGGRESSIVE;
				GCC_WARN_UNUSED_FUNCTION = YES;
				GCC_WARN_UNUSED_VARIABLE = YES;
				IPHONEOS_DEPLOYMENT_TARGET = 11.2;
				MTL_ENABLE_DEBUG_INFO = NO;
				SDKROOT = iphoneos;
				SWIFT_OPTIMIZATION_LEVEL = "-Owholemodule";
				VALIDATE_PRODUCT = YES;
			};
			name = Release;
		};
		CC13CEE5201E581000CBFA83 /* Debug */ = {
			isa = XCBuildConfiguration;
			baseConfigurationReference = 4429F85A8E80132FBC4E13AC /* Pods-YourLawyer.debug.xcconfig */;
			buildSettings = {
				ASSETCATALOG_COMPILER_APPICON_NAME = AppIcon;
				CODE_SIGN_STYLE = Automatic;
				DEVELOPMENT_TEAM = K8ATRJ3648;
				INFOPLIST_FILE = YourLawyer/Info.plist;
				LD_RUNPATH_SEARCH_PATHS = "$(inherited) @executable_path/Frameworks";
				PRODUCT_BUNDLE_IDENTIFIER = com.ksu.YourLawyer;
				PRODUCT_NAME = "$(TARGET_NAME)";
				SWIFT_VERSION = 4.0;
				TARGETED_DEVICE_FAMILY = "1,2";
			};
			name = Debug;
		};
		CC13CEE6201E581000CBFA83 /* Release */ = {
			isa = XCBuildConfiguration;
			baseConfigurationReference = 5A90D45D355DA3FBAAC436FF /* Pods-YourLawyer.release.xcconfig */;
			buildSettings = {
				ASSETCATALOG_COMPILER_APPICON_NAME = AppIcon;
				CODE_SIGN_STYLE = Automatic;
				DEVELOPMENT_TEAM = K8ATRJ3648;
				INFOPLIST_FILE = YourLawyer/Info.plist;
				LD_RUNPATH_SEARCH_PATHS = "$(inherited) @executable_path/Frameworks";
				PRODUCT_BUNDLE_IDENTIFIER = com.ksu.YourLawyer;
				PRODUCT_NAME = "$(TARGET_NAME)";
				SWIFT_VERSION = 4.0;
				TARGETED_DEVICE_FAMILY = "1,2";
			};
			name = Release;
		};
/* End XCBuildConfiguration section */

/* Begin XCConfigurationList section */
		CC13CECD201E581000CBFA83 /* Build configuration list for PBXProject "YourLawyer" */ = {
			isa = XCConfigurationList;
			buildConfigurations = (
				CC13CEE2201E581000CBFA83 /* Debug */,
				CC13CEE3201E581000CBFA83 /* Release */,
			);
			defaultConfigurationIsVisible = 0;
			defaultConfigurationName = Release;
		};
		CC13CEE4201E581000CBFA83 /* Build configuration list for PBXNativeTarget "YourLawyer" */ = {
			isa = XCConfigurationList;
			buildConfigurations = (
				CC13CEE5201E581000CBFA83 /* Debug */,
				CC13CEE6201E581000CBFA83 /* Release */,
			);
			defaultConfigurationIsVisible = 0;
			defaultConfigurationName = Release;
		};
/* End XCConfigurationList section */
	};
	rootObject = CC13CECA201E581000CBFA83 /* Project object */;
}
